{
  "name": "kishor",
  "version": "1.0.0",
  "lockfileVersion": 1,
  "requires": true,
  "dependencies": {
    "ngx-toastr": {
      "version": "11.1.0",
      "resolved": "https://registry.npmjs.org/ngx-toastr/-/ngx-toastr-11.1.0.tgz",
      "integrity": "sha512-eJ+Szrs7JPPLGGbirZULFX3XTfW4Nh16oWaMObpwx3hGX6R6//LZXqPASCZynupoextqmaYXGsFGY0pW1k6UMA==",
      "requires": {
        "tslib": "^1.9.0"/*means latest available version of tslib will be downloaded "-1.9.0" means this version if not avilable
        closest version will be downloaded*/
      }
    },
    "tslib": {
      "version": "1.10.0",
      "resolved": "https://registry.npmjs.org/tslib/-/tslib-1.10.0.tgz",
      "integrity": "sha512-qOebF53frne81cf0S9B41ByenJ3/IuH8yJKngAX35CmiZySA0khhkovshKK+jGCaMnVomla7gVlIcc3EvKPbTQ=="
    }
  }
}
